// !$*UTF8*$!
{
	archiveVersion = 1;
	classes = {
	};
	objectVersion = 55;
	objects = {

/* Begin PBXBuildFile section */
		23D53A4A26098D1497A961C5 /* Pods_Language_Buddy.framework in Frameworks */ = {isa = PBXBuildFile; fileRef = B1A0897157BD20F342857635 /* Pods_Language_Buddy.framework */; };
		52045A1427F19563008A2B81 /* AvailabilityCell.swift in Sources */ = {isa = PBXBuildFile; fileRef = 52045A1227F19562008A2B81 /* AvailabilityCell.swift */; };
		52045A1527F19563008A2B81 /* AvailabilityCell.xib in Resources */ = {isa = PBXBuildFile; fileRef = 52045A1327F19562008A2B81 /* AvailabilityCell.xib */; };
		52045A1727F1AC25008A2B81 /* Comment.swift in Sources */ = {isa = PBXBuildFile; fileRef = 52045A1627F1AC25008A2B81 /* Comment.swift */; };
		5233DBBF27EF051F00DE821F /* MapVC.swift in Sources */ = {isa = PBXBuildFile; fileRef = 5233DBBE27EF051E00DE821F /* MapVC.swift */; };
		5233DBC127F03A4F00DE821F /* AuthVC.swift in Sources */ = {isa = PBXBuildFile; fileRef = 5233DBC027F03A4F00DE821F /* AuthVC.swift */; };
		5233DBC327F0507500DE821F /* UserInfoVC.swift in Sources */ = {isa = PBXBuildFile; fileRef = 5233DBC227F0507500DE821F /* UserInfoVC.swift */; };
		5233DBC527F05E5700DE821F /* PreferencesVC.swift in Sources */ = {isa = PBXBuildFile; fileRef = 5233DBC427F05E5700DE821F /* PreferencesVC.swift */; };
		5233DBC727F0611900DE821F /* CurrentUser.swift in Sources */ = {isa = PBXBuildFile; fileRef = 5233DBC627F0611900DE821F /* CurrentUser.swift */; };
		5233DBCA27F0728600DE821F /* MessageCell.swift in Sources */ = {isa = PBXBuildFile; fileRef = 5233DBC827F0728600DE821F /* MessageCell.swift */; };
		5233DBCB27F0728600DE821F /* MessageCell.xib in Resources */ = {isa = PBXBuildFile; fileRef = 5233DBC927F0728600DE821F /* MessageCell.xib */; };
		5256586D27ED943F001961B2 /* AppDelegate.swift in Sources */ = {isa = PBXBuildFile; fileRef = 5256586C27ED943F001961B2 /* AppDelegate.swift */; };
		5256586F27ED943F001961B2 /* SceneDelegate.swift in Sources */ = {isa = PBXBuildFile; fileRef = 5256586E27ED943F001961B2 /* SceneDelegate.swift */; };
		5256587127ED943F001961B2 /* HomeVC.swift in Sources */ = {isa = PBXBuildFile; fileRef = 5256587027ED943F001961B2 /* HomeVC.swift */; };
		5256587427ED943F001961B2 /* Main.storyboard in Resources */ = {isa = PBXBuildFile; fileRef = 5256587227ED943F001961B2 /* Main.storyboard */; };
		5256587627ED9445001961B2 /* Assets.xcassets in Resources */ = {isa = PBXBuildFile; fileRef = 5256587527ED9445001961B2 /* Assets.xcassets */; };
		5256587927ED9445001961B2 /* LaunchScreen.storyboard in Resources */ = {isa = PBXBuildFile; fileRef = 5256587727ED9445001961B2 /* LaunchScreen.storyboard */; };
		5256588127ED95BA001961B2 /* K.swift in Sources */ = {isa = PBXBuildFile; fileRef = 5256588027ED95BA001961B2 /* K.swift */; };
		5256588627ED97D0001961B2 /* Availability.swift in Sources */ = {isa = PBXBuildFile; fileRef = 5256588527ED97D0001961B2 /* Availability.swift */; };
		5256588827ED98B9001961B2 /* DetailsVC.swift in Sources */ = {isa = PBXBuildFile; fileRef = 5256588727ED98B9001961B2 /* DetailsVC.swift */; };
		5256588A27EDA4A2001961B2 /* FirebaseManager.swift in Sources */ = {isa = PBXBuildFile; fileRef = 5256588927EDA4A2001961B2 /* FirebaseManager.swift */; };
		5256588C27EDA521001961B2 /* GoogleService-Info.plist in Resources */ = {isa = PBXBuildFile; fileRef = 5256588B27EDA521001961B2 /* GoogleService-Info.plist */; };
		5256588E27EDA664001961B2 /* Protocols.swift in Sources */ = {isa = PBXBuildFile; fileRef = 5256588D27EDA664001961B2 /* Protocols.swift */; };
		5256589A27EDC716001961B2 /* CommentsVC.swift in Sources */ = {isa = PBXBuildFile; fileRef = 5256589927EDC716001961B2 /* CommentsVC.swift */; };
/* End PBXBuildFile section */

/* Begin PBXFileReference section */
		52045A1227F19562008A2B81 /* AvailabilityCell.swift */ = {isa = PBXFileReference; lastKnownFileType = sourcecode.swift; path = AvailabilityCell.swift; sourceTree = "<group>"; };
		52045A1327F19562008A2B81 /* AvailabilityCell.xib */ = {isa = PBXFileReference; lastKnownFileType = file.xib; path = AvailabilityCell.xib; sourceTree = "<group>"; };
		52045A1627F1AC25008A2B81 /* Comment.swift */ = {isa = PBXFileReference; lastKnownFileType = sourcecode.swift; path = Comment.swift; sourceTree = "<group>"; };
		5233DBBE27EF051E00DE821F /* MapVC.swift */ = {isa = PBXFileReference; lastKnownFileType = sourcecode.swift; path = MapVC.swift; sourceTree = "<group>"; };
		5233DBC027F03A4F00DE821F /* AuthVC.swift */ = {isa = PBXFileReference; lastKnownFileType = sourcecode.swift; path = AuthVC.swift; sourceTree = "<group>"; };
		5233DBC227F0507500DE821F /* UserInfoVC.swift */ = {isa = PBXFileReference; lastKnownFileType = sourcecode.swift; path = UserInfoVC.swift; sourceTree = "<group>"; };
		5233DBC427F05E5700DE821F /* PreferencesVC.swift */ = {isa = PBXFileReference; lastKnownFileType = sourcecode.swift; path = PreferencesVC.swift; sourceTree = "<group>"; };
		5233DBC627F0611900DE821F /* CurrentUser.swift */ = {isa = PBXFileReference; lastKnownFileType = sourcecode.swift; path = CurrentUser.swift; sourceTree = "<group>"; };
		5233DBC827F0728600DE821F /* MessageCell.swift */ = {isa = PBXFileReference; lastKnownFileType = sourcecode.swift; path = MessageCell.swift; sourceTree = "<group>"; };
		5233DBC927F0728600DE821F /* MessageCell.xib */ = {isa = PBXFileReference; lastKnownFileType = file.xib; path = MessageCell.xib; sourceTree = "<group>"; };
		523458F127F9413B00652F25 /* Language Buddy.entitlements */ = {isa = PBXFileReference; lastKnownFileType = text.plist.entitlements; path = "Language Buddy.entitlements"; sourceTree = "<group>"; };
		5256586927ED943F001961B2 /* Language Buddy.app */ = {isa = PBXFileReference; explicitFileType = wrapper.application; includeInIndex = 0; path = "Language Buddy.app"; sourceTree = BUILT_PRODUCTS_DIR; };
		5256586C27ED943F001961B2 /* AppDelegate.swift */ = {isa = PBXFileReference; lastKnownFileType = sourcecode.swift; path = AppDelegate.swift; sourceTree = "<group>"; };
		5256586E27ED943F001961B2 /* SceneDelegate.swift */ = {isa = PBXFileReference; lastKnownFileType = sourcecode.swift; path = SceneDelegate.swift; sourceTree = "<group>"; };
		5256587027ED943F001961B2 /* HomeVC.swift */ = {isa = PBXFileReference; lastKnownFileType = sourcecode.swift; path = HomeVC.swift; sourceTree = "<group>"; };
		5256587327ED943F001961B2 /* Base */ = {isa = PBXFileReference; lastKnownFileType = file.storyboard; name = Base; path = Base.lproj/Main.storyboard; sourceTree = "<group>"; };
		5256587527ED9445001961B2 /* Assets.xcassets */ = {isa = PBXFileReference; lastKnownFileType = folder.assetcatalog; path = Assets.xcassets; sourceTree = "<group>"; };
		5256587827ED9445001961B2 /* Base */ = {isa = PBXFileReference; lastKnownFileType = file.storyboard; name = Base; path = Base.lproj/LaunchScreen.storyboard; sourceTree = "<group>"; };
		5256587A27ED9445001961B2 /* Info.plist */ = {isa = PBXFileReference; lastKnownFileType = text.plist.xml; path = Info.plist; sourceTree = "<group>"; };
		5256588027ED95BA001961B2 /* K.swift */ = {isa = PBXFileReference; lastKnownFileType = sourcecode.swift; path = K.swift; sourceTree = "<group>"; };
		5256588527ED97D0001961B2 /* Availability.swift */ = {isa = PBXFileReference; lastKnownFileType = sourcecode.swift; path = Availability.swift; sourceTree = "<group>"; };
		5256588727ED98B9001961B2 /* DetailsVC.swift */ = {isa = PBXFileReference; lastKnownFileType = sourcecode.swift; path = DetailsVC.swift; sourceTree = "<group>"; };
		5256588927EDA4A2001961B2 /* FirebaseManager.swift */ = {isa = PBXFileReference; lastKnownFileType = sourcecode.swift; path = FirebaseManager.swift; sourceTree = "<group>"; };
		5256588B27EDA521001961B2 /* GoogleService-Info.plist */ = {isa = PBXFileReference; fileEncoding = 4; lastKnownFileType = text.plist.xml; path = "GoogleService-Info.plist"; sourceTree = "<group>"; };
		5256588D27EDA664001961B2 /* Protocols.swift */ = {isa = PBXFileReference; lastKnownFileType = sourcecode.swift; path = Protocols.swift; sourceTree = "<group>"; };
		5256589927EDC716001961B2 /* CommentsVC.swift */ = {isa = PBXFileReference; lastKnownFileType = sourcecode.swift; path = CommentsVC.swift; sourceTree = "<group>"; };
		B1A0897157BD20F342857635 /* Pods_Language_Buddy.framework */ = {isa = PBXFileReference; explicitFileType = wrapper.framework; includeInIndex = 0; path = Pods_Language_Buddy.framework; sourceTree = BUILT_PRODUCTS_DIR; };
		C236538CD530EE47D89EB1E9 /* Pods-Language Buddy.debug.xcconfig */ = {isa = PBXFileReference; includeInIndex = 1; lastKnownFileType = text.xcconfig; name = "Pods-Language Buddy.debug.xcconfig"; path = "Target Support Files/Pods-Language Buddy/Pods-Language Buddy.debug.xcconfig"; sourceTree = "<group>"; };
		D734970C6D76CA49514B0E08 /* Pods-Language Buddy.release.xcconfig */ = {isa = PBXFileReference; includeInIndex = 1; lastKnownFileType = text.xcconfig; name = "Pods-Language Buddy.release.xcconfig"; path = "Target Support Files/Pods-Language Buddy/Pods-Language Buddy.release.xcconfig"; sourceTree = "<group>"; };
/* End PBXFileReference section */

/* Begin PBXFrameworksBuildPhase section */
		5256586627ED943F001961B2 /* Frameworks */ = {
			isa = PBXFrameworksBuildPhase;
			buildActionMask = 2147483647;
			files = (
				23D53A4A26098D1497A961C5 /* Pods_Language_Buddy.framework in Frameworks */,
			);
			runOnlyForDeploymentPostprocessing = 0;
		};
/* End PBXFrameworksBuildPhase section */

/* Begin PBXGroup section */
		4930388B4467DDF2B6D11BA5 /* Pods */ = {
			isa = PBXGroup;
			children = (
				C236538CD530EE47D89EB1E9 /* Pods-Language Buddy.debug.xcconfig */,
				D734970C6D76CA49514B0E08 /* Pods-Language Buddy.release.xcconfig */,
			);
			path = Pods;
			sourceTree = "<group>";
		};
		5256586027ED943F001961B2 = {
			isa = PBXGroup;
			children = (
				5256586B27ED943F001961B2 /* Language Buddy */,
				5256586A27ED943F001961B2 /* Products */,
				4930388B4467DDF2B6D11BA5 /* Pods */,
				6E6B2EB9EF78AC53FC62925F /* Frameworks */,
			);
			sourceTree = "<group>";
		};
		5256586A27ED943F001961B2 /* Products */ = {
			isa = PBXGroup;
			children = (
				5256586927ED943F001961B2 /* Language Buddy.app */,
			);
			name = Products;
			sourceTree = "<group>";
		};
		5256586B27ED943F001961B2 /* Language Buddy */ = {
			isa = PBXGroup;
			children = (
				523458F127F9413B00652F25 /* Language Buddy.entitlements */,
				5256586C27ED943F001961B2 /* AppDelegate.swift */,
				5256586E27ED943F001961B2 /* SceneDelegate.swift */,
				5256588427ED9632001961B2 /* Model */,
				5256588327ED9624001961B2 /* View */,
				5256588227ED961B001961B2 /* Controller */,
				5256587527ED9445001961B2 /* Assets.xcassets */,
				5256587727ED9445001961B2 /* LaunchScreen.storyboard */,
				5256588B27EDA521001961B2 /* GoogleService-Info.plist */,
				5256587A27ED9445001961B2 /* Info.plist */,
				5256588027ED95BA001961B2 /* K.swift */,
			);
			path = "Language Buddy";
			sourceTree = "<group>";
		};
		5256588227ED961B001961B2 /* Controller */ = {
			isa = PBXGroup;
			children = (
				5233DBC027F03A4F00DE821F /* AuthVC.swift */,
				5233DBC227F0507500DE821F /* UserInfoVC.swift */,
				5256587027ED943F001961B2 /* HomeVC.swift */,
				5256588727ED98B9001961B2 /* DetailsVC.swift */,
				5256589927EDC716001961B2 /* CommentsVC.swift */,
				5233DBBE27EF051E00DE821F /* MapVC.swift */,
				5233DBC427F05E5700DE821F /* PreferencesVC.swift */,
			);
			path = Controller;
			sourceTree = "<group>";
		};
		5256588327ED9624001961B2 /* View */ = {
			isa = PBXGroup;
			children = (
				5256587227ED943F001961B2 /* Main.storyboard */,
				5233DBC827F0728600DE821F /* MessageCell.swift */,
				5233DBC927F0728600DE821F /* MessageCell.xib */,
				52045A1227F19562008A2B81 /* AvailabilityCell.swift */,
				52045A1327F19562008A2B81 /* AvailabilityCell.xib */,
			);
			path = View;
			sourceTree = "<group>";
		};
		5256588427ED9632001961B2 /* Model */ = {
			isa = PBXGroup;
			children = (
				5256588527ED97D0001961B2 /* Availability.swift */,
				5256588927EDA4A2001961B2 /* FirebaseManager.swift */,
				5256588D27EDA664001961B2 /* Protocols.swift */,
				52045A1627F1AC25008A2B81 /* Comment.swift */,
				5233DBC627F0611900DE821F /* CurrentUser.swift */,
			);
			path = Model;
			sourceTree = "<group>";
		};
		6E6B2EB9EF78AC53FC62925F /* Frameworks */ = {
			isa = PBXGroup;
			children = (
				B1A0897157BD20F342857635 /* Pods_Language_Buddy.framework */,
			);
			name = Frameworks;
			sourceTree = "<group>";
		};
/* End PBXGroup section */

/* Begin PBXNativeTarget section */
		5256586827ED943F001961B2 /* Language Buddy */ = {
			isa = PBXNativeTarget;
			buildConfigurationList = 5256587D27ED9445001961B2 /* Build configuration list for PBXNativeTarget "Language Buddy" */;
			buildPhases = (
				41C20296B7854F22587E70AC /* [CP] Check Pods Manifest.lock */,
				5256586527ED943F001961B2 /* Sources */,
				5256586627ED943F001961B2 /* Frameworks */,
				5256586727ED943F001961B2 /* Resources */,
				9D893E9B6439862335982E73 /* [CP] Embed Pods Frameworks */,
			);
			buildRules = (
			);
			dependencies = (
			);
			name = "Language Buddy";
			productName = "Language Buddy";
			productReference = 5256586927ED943F001961B2 /* Language Buddy.app */;
			productType = "com.apple.product-type.application";
		};
/* End PBXNativeTarget section */

/* Begin PBXProject section */
		5256586127ED943F001961B2 /* Project object */ = {
			isa = PBXProject;
			attributes = {
				BuildIndependentTargetsInParallel = 1;
				LastSwiftUpdateCheck = 1330;
				LastUpgradeCheck = 1330;
				TargetAttributes = {
					5256586827ED943F001961B2 = {
						CreatedOnToolsVersion = 13.3;
					};
				};
			};
			buildConfigurationList = 5256586427ED943F001961B2 /* Build configuration list for PBXProject "Language Buddy" */;
			compatibilityVersion = "Xcode 13.0";
			developmentRegion = en;
			hasScannedForEncodings = 0;
			knownRegions = (
				en,
				Base,
			);
			mainGroup = 5256586027ED943F001961B2;
			productRefGroup = 5256586A27ED943F001961B2 /* Products */;
			projectDirPath = "";
			projectRoot = "";
			targets = (
				5256586827ED943F001961B2 /* Language Buddy */,
			);
		};
/* End PBXProject section */

/* Begin PBXResourcesBuildPhase section */
		5256586727ED943F001961B2 /* Resources */ = {
			isa = PBXResourcesBuildPhase;
			buildActionMask = 2147483647;
			files = (
				52045A1527F19563008A2B81 /* AvailabilityCell.xib in Resources */,
				5233DBCB27F0728600DE821F /* MessageCell.xib in Resources */,
				5256587927ED9445001961B2 /* LaunchScreen.storyboard in Resources */,
				5256587627ED9445001961B2 /* Assets.xcassets in Resources */,
				5256588C27EDA521001961B2 /* GoogleService-Info.plist in Resources */,
				5256587427ED943F001961B2 /* Main.storyboard in Resources */,
			);
			runOnlyForDeploymentPostprocessing = 0;
		};
/* End PBXResourcesBuildPhase section */

/* Begin PBXShellScriptBuildPhase section */
		41C20296B7854F22587E70AC /* [CP] Check Pods Manifest.lock */ = {
			isa = PBXShellScriptBuildPhase;
			buildActionMask = 2147483647;
			files = (
			);
			inputFileListPaths = (
			);
			inputPaths = (
				"${PODS_PODFILE_DIR_PATH}/Podfile.lock",
				"${PODS_ROOT}/Manifest.lock",
			);
			name = "[CP] Check Pods Manifest.lock";
			outputFileListPaths = (
			);
			outputPaths = (
				"$(DERIVED_FILE_DIR)/Pods-Language Buddy-checkManifestLockResult.txt",
			);
			runOnlyForDeploymentPostprocessing = 0;
			shellPath = /bin/sh;
			shellScript = "diff \"${PODS_PODFILE_DIR_PATH}/Podfile.lock\" \"${PODS_ROOT}/Manifest.lock\" > /dev/null\nif [ $? != 0 ] ; then\n    # print error to STDERR\n    echo \"error: The sandbox is not in sync with the Podfile.lock. Run 'pod install' or update your CocoaPods installation.\" >&2\n    exit 1\nfi\n# This output is used by Xcode 'outputs' to avoid re-running this script phase.\necho \"SUCCESS\" > \"${SCRIPT_OUTPUT_FILE_0}\"\n";
			showEnvVarsInLog = 0;
		};
		9D893E9B6439862335982E73 /* [CP] Embed Pods Frameworks */ = {
			isa = PBXShellScriptBuildPhase;
			buildActionMask = 2147483647;
			files = (
			);
			inputFileListPaths = (
				"${PODS_ROOT}/Target Support Files/Pods-Language Buddy/Pods-Language Buddy-frameworks-${CONFIGURATION}-input-files.xcfilelist",
			);
			name = "[CP] Embed Pods Frameworks";
			outputFileListPaths = (
				"${PODS_ROOT}/Target Support Files/Pods-Language Buddy/Pods-Language Buddy-frameworks-${CONFIGURATION}-output-files.xcfilelist",
			);
			runOnlyForDeploymentPostprocessing = 0;
			shellPath = /bin/sh;
			shellScript = "\"${PODS_ROOT}/Target Support Files/Pods-Language Buddy/Pods-Language Buddy-frameworks.sh\"\n";
			showEnvVarsInLog = 0;
		};
/* End PBXShellScriptBuildPhase section */

/* Begin PBXSourcesBuildPhase section */
		5256586527ED943F001961B2 /* Sources */ = {
			isa = PBXSourcesBuildPhase;
			buildActionMask = 2147483647;
			files = (
				5256587127ED943F001961B2 /* HomeVC.swift in Sources */,
				5256588827ED98B9001961B2 /* DetailsVC.swift in Sources */,
				5256588A27EDA4A2001961B2 /* FirebaseManager.swift in Sources */,
				5256588127ED95BA001961B2 /* K.swift in Sources */,
				5256589A27EDC716001961B2 /* CommentsVC.swift in Sources */,
				52045A1727F1AC25008A2B81 /* Comment.swift in Sources */,
				5233DBC127F03A4F00DE821F /* AuthVC.swift in Sources */,
				5233DBBF27EF051F00DE821F /* MapVC.swift in Sources */,
				5256586D27ED943F001961B2 /* AppDelegate.swift in Sources */,
				5256588627ED97D0001961B2 /* Availability.swift in Sources */,
				5256586F27ED943F001961B2 /* SceneDelegate.swift in Sources */,
				5256588E27EDA664001961B2 /* Protocols.swift in Sources */,
				5233DBCA27F0728600DE821F /* MessageCell.swift in Sources */,
				52045A1427F19563008A2B81 /* AvailabilityCell.swift in Sources */,
				5233DBC527F05E5700DE821F /* PreferencesVC.swift in Sources */,
				5233DBC727F0611900DE821F /* CurrentUser.swift in Sources */,
				5233DBC327F0507500DE821F /* UserInfoVC.swift in Sources */,
			);
			runOnlyForDeploymentPostprocessing = 0;
		};
/* End PBXSourcesBuildPhase section */

/* Begin PBXVariantGroup section */
		5256587227ED943F001961B2 /* Main.storyboard */ = {
			isa = PBXVariantGroup;
			children = (
				5256587327ED943F001961B2 /* Base */,
			);
			name = Main.storyboard;
			sourceTree = "<group>";
		};
		5256587727ED9445001961B2 /* LaunchScreen.storyboard */ = {
			isa = PBXVariantGroup;
			children = (
				5256587827ED9445001961B2 /* Base */,
			);
			name = LaunchScreen.storyboard;
			sourceTree = "<group>";
		};
/* End PBXVariantGroup section */

/* Begin XCBuildConfiguration section */
		5256587B27ED9445001961B2 /* Debug */ = {
			isa = XCBuildConfiguration;
			buildSettings = {
				ALWAYS_SEARCH_USER_PATHS = NO;
				CLANG_ANALYZER_NONNULL = YES;
				CLANG_ANALYZER_NUMBER_OBJECT_CONVERSION = YES_AGGRESSIVE;
				CLANG_CXX_LANGUAGE_STANDARD = "gnu++17";
				CLANG_ENABLE_MODULES = YES;
				CLANG_ENABLE_OBJC_ARC = YES;
				CLANG_ENABLE_OBJC_WEAK = YES;
				CLANG_WARN_BLOCK_CAPTURE_AUTORELEASING = YES;
				CLANG_WARN_BOOL_CONVERSION = YES;
				CLANG_WARN_COMMA = YES;
				CLANG_WARN_CONSTANT_CONVERSION = YES;
				CLANG_WARN_DEPRECATED_OBJC_IMPLEMENTATIONS = YES;
				CLANG_WARN_DIRECT_OBJC_ISA_USAGE = YES_ERROR;
				CLANG_WARN_DOCUMENTATION_COMMENTS = YES;
				CLANG_WARN_EMPTY_BODY = YES;
				CLANG_WARN_ENUM_CONVERSION = YES;
				CLANG_WARN_INFINITE_RECURSION = YES;
				CLANG_WARN_INT_CONVERSION = YES;
				CLANG_WARN_NON_LITERAL_NULL_CONVERSION = YES;
				CLANG_WARN_OBJC_IMPLICIT_RETAIN_SELF = YES;
				CLANG_WARN_OBJC_LITERAL_CONVERSION = YES;
				CLANG_WARN_OBJC_ROOT_CLASS = YES_ERROR;
				CLANG_WARN_QUOTED_INCLUDE_IN_FRAMEWORK_HEADER = YES;
				CLANG_WARN_RANGE_LOOP_ANALYSIS = YES;
				CLANG_WARN_STRICT_PROTOTYPES = YES;
				CLANG_WARN_SUSPICIOUS_MOVE = YES;
				CLANG_WARN_UNGUARDED_AVAILABILITY = YES_AGGRESSIVE;
				CLANG_WARN_UNREACHABLE_CODE = YES;
				CLANG_WARN__DUPLICATE_METHOD_MATCH = YES;
				COPY_PHASE_STRIP = NO;
				DEBUG_INFORMATION_FORMAT = dwarf;
				ENABLE_STRICT_OBJC_MSGSEND = YES;
				ENABLE_TESTABILITY = YES;
				GCC_C_LANGUAGE_STANDARD = gnu11;
				GCC_DYNAMIC_NO_PIC = NO;
				GCC_NO_COMMON_BLOCKS = YES;
				GCC_OPTIMIZATION_LEVEL = 0;
				GCC_PREPROCESSOR_DEFINITIONS = (
					"DEBUG=1",
					"$(inherited)",
				);
				GCC_WARN_64_TO_32_BIT_CONVERSION = YES;
				GCC_WARN_ABOUT_RETURN_TYPE = YES_ERROR;
				GCC_WARN_UNDECLARED_SELECTOR = YES;
				GCC_WARN_UNINITIALIZED_AUTOS = YES_AGGRESSIVE;
				GCC_WARN_UNUSED_FUNCTION = YES;
				GCC_WARN_UNUSED_VARIABLE = YES;
				IPHONEOS_DEPLOYMENT_TARGET = 14.0;
				MTL_ENABLE_DEBUG_INFO = INCLUDE_SOURCE;
				MTL_FAST_MATH = YES;
				ONLY_ACTIVE_ARCH = YES;
				SDKROOT = iphoneos;
				SWIFT_ACTIVE_COMPILATION_CONDITIONS = DEBUG;
				SWIFT_OPTIMIZATION_LEVEL = "-Onone";
			};
			name = Debug;
		};
		5256587C27ED9445001961B2 /* Release */ = {
			isa = XCBuildConfiguration;
			buildSettings = {
				ALWAYS_SEARCH_USER_PATHS = NO;
				CLANG_ANALYZER_NONNULL = YES;
				CLANG_ANALYZER_NUMBER_OBJECT_CONVERSION = YES_AGGRESSIVE;
				CLANG_CXX_LANGUAGE_STANDARD = "gnu++17";
				CLANG_ENABLE_MODULES = YES;
				CLANG_ENABLE_OBJC_ARC = YES;
				CLANG_ENABLE_OBJC_WEAK = YES;
				CLANG_WARN_BLOCK_CAPTURE_AUTORELEASING = YES;
				CLANG_WARN_BOOL_CONVERSION = YES;
				CLANG_WARN_COMMA = YES;
				CLANG_WARN_CONSTANT_CONVERSION = YES;
				CLANG_WARN_DEPRECATED_OBJC_IMPLEMENTATIONS = YES;
				CLANG_WARN_DIRECT_OBJC_ISA_USAGE = YES_ERROR;
				CLANG_WARN_DOCUMENTATION_COMMENTS = YES;
				CLANG_WARN_EMPTY_BODY = YES;
				CLANG_WARN_ENUM_CONVERSION = YES;
				CLANG_WARN_INFINITE_RECURSION = YES;
				CLANG_WARN_INT_CONVERSION = YES;
				CLANG_WARN_NON_LITERAL_NULL_CONVERSION = YES;
				CLANG_WARN_OBJC_IMPLICIT_RETAIN_SELF = YES;
				CLANG_WARN_OBJC_LITERAL_CONVERSION = YES;
				CLANG_WARN_OBJC_ROOT_CLASS = YES_ERROR;
				CLANG_WARN_QUOTED_INCLUDE_IN_FRAMEWORK_HEADER = YES;
				CLANG_WARN_RANGE_LOOP_ANALYSIS = YES;
				CLANG_WARN_STRICT_PROTOTYPES = YES;
				CLANG_WARN_SUSPICIOUS_MOVE = YES;
				CLANG_WARN_UNGUARDED_AVAILABILITY = YES_AGGRESSIVE;
				CLANG_WARN_UNREACHABLE_CODE = YES;
				CLANG_WARN__DUPLICATE_METHOD_MATCH = YES;
				COPY_PHASE_STRIP = NO;
				DEBUG_INFORMATION_FORMAT = "dwarf-with-dsym";
				ENABLE_NS_ASSERTIONS = NO;
				ENABLE_STRICT_OBJC_MSGSEND = YES;
				GCC_C_LANGUAGE_STANDARD = gnu11;
				GCC_NO_COMMON_BLOCKS = YES;
				GCC_WARN_64_TO_32_BIT_CONVERSION = YES;
				GCC_WARN_ABOUT_RETURN_TYPE = YES_ERROR;
				GCC_WARN_UNDECLARED_SELECTOR = YES;
				GCC_WARN_UNINITIALIZED_AUTOS = YES_AGGRESSIVE;
				GCC_WARN_UNUSED_FUNCTION = YES;
				GCC_WARN_UNUSED_VARIABLE = YES;
				IPHONEOS_DEPLOYMENT_TARGET = 14.0;
				MTL_ENABLE_DEBUG_INFO = NO;
				MTL_FAST_MATH = YES;
				SDKROOT = iphoneos;
				SWIFT_COMPILATION_MODE = wholemodule;
				SWIFT_OPTIMIZATION_LEVEL = "-O";
				VALIDATE_PRODUCT = YES;
			};
			name = Release;
		};
		5256587E27ED9445001961B2 /* Debug */ = {
			isa = XCBuildConfiguration;
			baseConfigurationReference = C236538CD530EE47D89EB1E9 /* Pods-Language Buddy.debug.xcconfig */;
			buildSettings = {
				ASSETCATALOG_COMPILER_APPICON_NAME = AppIcon;
				ASSETCATALOG_COMPILER_GLOBAL_ACCENT_COLOR_NAME = AccentColor;
				CODE_SIGN_ENTITLEMENTS = "Language Buddy/Language Buddy.entitlements";
				CODE_SIGN_STYLE = Automatic;
				CURRENT_PROJECT_VERSION = 1;
				DEVELOPMENT_TEAM = V89Z8LQWPX;
				GENERATE_INFOPLIST_FILE = YES;
				INFOPLIST_FILE = "Language Buddy/Info.plist";
				INFOPLIST_KEY_NSLocationUsageDescription = "Requires location to access who is nearby.";
				INFOPLIST_KEY_NSLocationWhenInUseUsageDescription = "Requires location to access who is nearby.";
				INFOPLIST_KEY_UIApplicationSupportsIndirectInputEvents = YES;
				INFOPLIST_KEY_UILaunchStoryboardName = LaunchScreen;
				INFOPLIST_KEY_UIMainStoryboardFile = Main;
				INFOPLIST_KEY_UISupportedInterfaceOrientations = UIInterfaceOrientationPortrait;
				INFOPLIST_KEY_UISupportedInterfaceOrientations_iPad = "UIInterfaceOrientationPortrait UIInterfaceOrientationPortraitUpsideDown UIInterfaceOrientationLandscapeLeft UIInterfaceOrientationLandscapeRight";
				INFOPLIST_KEY_UISupportedInterfaceOrientations_iPhone = "UIInterfaceOrientationPortrait UIInterfaceOrientationLandscapeLeft UIInterfaceOrientationLandscapeRight";
				LD_RUNPATH_SEARCH_PATHS = (
					"$(inherited)",
					"@executable_path/Frameworks",
				);
				MARKETING_VERSION = 1.1;
				PRODUCT_BUNDLE_IDENTIFIER = "naquinojr.Language-Buddy";
				PRODUCT_NAME = "$(TARGET_NAME)";
				SWIFT_EMIT_LOC_STRINGS = YES;
				SWIFT_VERSION = 5.0;
				TARGETED_DEVICE_FAMILY = 1;
			};
			name = Debug;
		};
		5256587F27ED9445001961B2 /* Release */ = {
			isa = XCBuildConfiguration;
			baseConfigurationReference = D734970C6D76CA49514B0E08 /* Pods-Language Buddy.release.xcconfig */;
			buildSettings = {
				ASSETCATALOG_COMPILER_APPICON_NAME = AppIcon;
				ASSETCATALOG_COMPILER_GLOBAL_ACCENT_COLOR_NAME = AccentColor;
				CODE_SIGN_ENTITLEMENTS = "Language Buddy/Language Buddy.entitlements";
				CODE_SIGN_STYLE = Automatic;
				CURRENT_PROJECT_VERSION = 1;
				DEVELOPMENT_TEAM = V89Z8LQWPX;
				GENERATE_INFOPLIST_FILE = YES;
				INFOPLIST_FILE = "Language Buddy/Info.plist";
				INFOPLIST_KEY_NSLocationUsageDescription = "Requires location to access who is nearby.";
				INFOPLIST_KEY_NSLocationWhenInUseUsageDescription = "Requires location to access who is nearby.";
				INFOPLIST_KEY_UIApplicationSupportsIndirectInputEvents = YES;
				INFOPLIST_KEY_UILaunchStoryboardName = LaunchScreen;
				INFOPLIST_KEY_UIMainStoryboardFile = Main;
				INFOPLIST_KEY_UISupportedInterfaceOrientations = UIInterfaceOrientationPortrait;
				INFOPLIST_KEY_UISupportedInterfaceOrientations_iPad = "UIInterfaceOrientationPortrait UIInterfaceOrientationPortraitUpsideDown UIInterfaceOrientationLandscapeLeft UIInterfaceOrientationLandscapeRight";
				INFOPLIST_KEY_UISupportedInterfaceOrientations_iPhone = "UIInterfaceOrientationPortrait UIInterfaceOrientationLandscapeLeft UIInterfaceOrientationLandscapeRight";
				LD_RUNPATH_SEARCH_PATHS = (
					"$(inherited)",
					"@executable_path/Frameworks",
				);
				MARKETING_VERSION = 1.1;
				PRODUCT_BUNDLE_IDENTIFIER = "naquinojr.Language-Buddy";
				PRODUCT_NAME = "$(TARGET_NAME)";
				SWIFT_EMIT_LOC_STRINGS = YES;
				SWIFT_VERSION = 5.0;
				TARGETED_DEVICE_FAMILY = 1;
			};
			name = Release;
		};
/* End XCBuildConfiguration section */

/* Begin XCConfigurationList section */
		5256586427ED943F001961B2 /* Build configuration list for PBXProject "Language Buddy" */ = {
			isa = XCConfigurationList;
			buildConfigurations = (
				5256587B27ED9445001961B2 /* Debug */,
				5256587C27ED9445001961B2 /* Release */,
			);
			defaultConfigurationIsVisible = 0;
			defaultConfigurationName = Release;
		};
		5256587D27ED9445001961B2 /* Build configuration list for PBXNativeTarget "Language Buddy" */ = {
			isa = XCConfigurationList;
			buildConfigurations = (
				5256587E27ED9445001961B2 /* Debug */,
				5256587F27ED9445001961B2 /* Release */,
			);
			defaultConfigurationIsVisible = 0;
			defaultConfigurationName = Release;
		};
/* End XCConfigurationList section */
	};
	rootObject = 5256586127ED943F001961B2 /* Project object */;
}
